
Microsoft Visual Studio Solution File, Format Version 12.00
# Visual Studio Version 17
VisualStudioVersion = 17.9.34622.214
MinimumVisualStudioVersion = 10.0.40219.1
Project("{9A19103F-16F7-4668-BE54-9A1E7A4F7556}") = "Domain", "Domain\Domain.csproj", "{C979CF2F-0879-45FA-925A-D133FBC1E0FD}"
EndProject
Project("{9A19103F-16F7-4668-BE54-9A1E7A4F7556}") = "Infrastructure", "Infrastructure\Infrastructure.csproj", "{A8BE1761-5356-4A5C-81A2-0A91291B1D6C}"
EndProject
Project("{9A19103F-16F7-4668-BE54-9A1E7A4F7556}") = "Infrastructure.Migrations", "Infrastructure.Migrations\Infrastructure.Migrations.csproj", "{8CF954B1-4BD6-40A2-9CBF-B57009F54E2D}"
EndProject
Project("{FAE04EC0-301F-11D3-BF4B-00C04F79EFBC}") = "Console", "Console\Console.csproj", "{CAD58854-2127-4A41-9A17-E52D4354BA6D}"
EndProject
Project("{FAE04EC0-301F-11D3-BF4B-00C04F79EFBC}") = "Application", "Application\Application.csproj", "{B18F499B-9AFA-4171-B14F-2866C5CDB0D1}"
EndProject
Global
	GlobalSection(SolutionConfigurationPlatforms) = preSolution
		Debug|Any CPU = Debug|Any CPU
		Release|Any CPU = Release|Any CPU
	EndGlobalSection
	GlobalSection(ProjectConfigurationPlatforms) = postSolution
		{C979CF2F-0879-45FA-925A-D133FBC1E0FD}.Debug|Any CPU.ActiveCfg = Debug|Any CPU
		{C979CF2F-0879-45FA-925A-D133FBC1E0FD}.Debug|Any CPU.Build.0 = Debug|Any CPU
		{C979CF2F-0879-45FA-925A-D133FBC1E0FD}.Release|Any CPU.ActiveCfg = Release|Any CPU
		{C979CF2F-0879-45FA-925A-D133FBC1E0FD}.Release|Any CPU.Build.0 = Release|Any CPU
		{A8BE1761-5356-4A5C-81A2-0A91291B1D6C}.Debug|Any CPU.ActiveCfg = Debug|Any CPU
		{A8BE1761-5356-4A5C-81A2-0A91291B1D6C}.Debug|Any CPU.Build.0 = Debug|Any CPU
		{A8BE1761-5356-4A5C-81A2-0A91291B1D6C}.Release|Any CPU.ActiveCfg = Release|Any CPU
		{A8BE1761-5356-4A5C-81A2-0A91291B1D6C}.Release|Any CPU.Build.0 = Release|Any CPU
		{8CF954B1-4BD6-40A2-9CBF-B57009F54E2D}.Debug|Any CPU.ActiveCfg = Debug|Any CPU
		{8CF954B1-4BD6-40A2-9CBF-B57009F54E2D}.Debug|Any CPU.Build.0 = Debug|Any CPU
		{8CF954B1-4BD6-40A2-9CBF-B57009F54E2D}.Release|Any CPU.ActiveCfg = Release|Any CPU
		{8CF954B1-4BD6-40A2-9CBF-B57009F54E2D}.Release|Any CPU.Build.0 = Release|Any CPU
		{CAD58854-2127-4A41-9A17-E52D4354BA6D}.Debug|Any CPU.ActiveCfg = Debug|Any CPU
		{CAD58854-2127-4A41-9A17-E52D4354BA6D}.Debug|Any CPU.Build.0 = Debug|Any CPU
		{CAD58854-2127-4A41-9A17-E52D4354BA6D}.Release|Any CPU.ActiveCfg = Release|Any CPU
		{CAD58854-2127-4A41-9A17-E52D4354BA6D}.Release|Any CPU.Build.0 = Release|Any CPU
		{B18F499B-9AFA-4171-B14F-2866C5CDB0D1}.Debug|Any CPU.ActiveCfg = Debug|Any CPU
		{B18F499B-9AFA-4171-B14F-2866C5CDB0D1}.Debug|Any CPU.Build.0 = Debug|Any CPU
		{B18F499B-9AFA-4171-B14F-2866C5CDB0D1}.Release|Any CPU.ActiveCfg = Release|Any CPU
		{B18F499B-9AFA-4171-B14F-2866C5CDB0D1}.Release|Any CPU.Build.0 = Release|Any CPU
	EndGlobalSection
	GlobalSection(SolutionProperties) = preSolution
		HideSolutionNode = FALSE
	EndGlobalSection
	GlobalSection(ExtensibilityGlobals) = postSolution
		SolutionGuid = {5B05C4EB-D5EB-44AF-8AE2-9BF009C8C4A3}
	EndGlobalSection
EndGlobal
